
Microsoft Visual Studio Solution File, Format Version 12.00
# Visual Studio Version 17
VisualStudioVersion = 17.7.34009.444
MinimumVisualStudioVersion = 10.0.40219.1
Project("{FAE04EC0-301F-11D3-BF4B-00C04F79EFBC}") = "cm_web", "cm_web\cm_web.csproj", "{DB60F85C-56DA-46DB-9E51-D04501C5CCC1}"
EndProject
Global
	GlobalSection(SolutionConfigurationPlatforms) = preSolution
		Debug|Any CPU = Debug|Any CPU
		Release|Any CPU = Release|Any CPU
	EndGlobalSection
	GlobalSection(ProjectConfigurationPlatforms) = postSolution
		{DB60F85C-56DA-46DB-9E51-D04501C5CCC1}.Debug|Any CPU.ActiveCfg = Debug|Any CPU
		{DB60F85C-56DA-46DB-9E51-D04501C5CCC1}.Debug|Any CPU.Build.0 = Debug|Any CPU
		{DB60F85C-56DA-46DB-9E51-D04501C5CCC1}.Release|Any CPU.ActiveCfg = Release|Any CPU
		{DB60F85C-56DA-46DB-9E51-D04501C5CCC1}.Release|Any CPU.Build.0 = Release|Any CPU
	EndGlobalSection
	GlobalSection(SolutionProperties) = preSolution
		HideSolutionNode = FALSE
	EndGlobalSection
	GlobalSection(ExtensibilityGlobals) = postSolution
		SolutionGuid = {C4CD246C-4445-4536-8585-8A79D70C5200}
	EndGlobalSection
EndGlobal
